Microsoft Visual Studio Solution File, Format Version 11.00
# Visual Studio 2008

Project("{3460A923-3764-6CD5-F49C-DE61A749F474}") = "2016-10-14Porum", "Assembly-CSharp.csproj", "{77AEA58C-D493-9AED-752B-9273BF761F5D}"
EndProject
Project("{3460A923-3764-6CD5-F49C-DE61A749F474}") = "2016-10-14Porum", "Assembly-CSharp-Editor.csproj", "{C596B6DF-F25A-BA6E-D77B-F3F93A9931A8}"
EndProject
Global
	GlobalSection(SolutionConfigurationPlatforms) = preSolution
		Debug|Any CPU = Debug|Any CPU
		Release|Any CPU = Release|Any CPU
	EndGlobalSection
	GlobalSection(ProjectConfigurationPlatforms) = postSolution
		{77AEA58C-D493-9AED-752B-9273BF761F5D}.Debug|Any CPU.ActiveCfg = Debug|Any CPU
		{77AEA58C-D493-9AED-752B-9273BF761F5D}.Debug|Any CPU.Build.0 = Debug|Any CPU
		{77AEA58C-D493-9AED-752B-9273BF761F5D}.Release|Any CPU.ActiveCfg = Release|Any CPU
		{77AEA58C-D493-9AED-752B-9273BF761F5D}.Release|Any CPU.Build.0 = Release|Any CPU
		{C596B6DF-F25A-BA6E-D77B-F3F93A9931A8}.Debug|Any CPU.ActiveCfg = Debug|Any CPU
		{C596B6DF-F25A-BA6E-D77B-F3F93A9931A8}.Debug|Any CPU.Build.0 = Debug|Any CPU
		{C596B6DF-F25A-BA6E-D77B-F3F93A9931A8}.Release|Any CPU.ActiveCfg = Release|Any CPU
		{C596B6DF-F25A-BA6E-D77B-F3F93A9931A8}.Release|Any CPU.Build.0 = Release|Any CPU
	EndGlobalSection
	GlobalSection(SolutionProperties) = preSolution
		HideSolutionNode = FALSE
	EndGlobalSection
	GlobalSection(MonoDevelopProperties) = preSolution
		StartupItem = Assembly-CSharp.csproj
	EndGlobalSection
EndGlobal
