
Microsoft Visual Studio Solution File, Format Version 12.00
# Visual Studio 2015
Project("{FAE04EC0-301F-11D3-BF4B-00C04F79EFBC}") = "Bing Bong.CSharp", "Bing Bong.CSharp.csproj", "{A52CF52C-8823-16F9-99D5-2B69AEE743B4}"
EndProject
Project("{FAE04EC0-301F-11D3-BF4B-00C04F79EFBC}") = "Bing Bong.CSharp.Editor", "Bing Bong.CSharp.Editor.csproj", "{973145B1-126B-08F9-0DCA-D6D26B60541A}"
EndProject
Global
	GlobalSection(SolutionConfigurationPlatforms) = preSolution
		Debug|Any CPU = Debug|Any CPU
		Release|Any CPU = Release|Any CPU
	EndGlobalSection
	GlobalSection(ProjectConfigurationPlatforms) = postSolution
		{A52CF52C-8823-16F9-99D5-2B69AEE743B4}.Debug|Any CPU.ActiveCfg = Debug|Any CPU
		{A52CF52C-8823-16F9-99D5-2B69AEE743B4}.Debug|Any CPU.Build.0 = Debug|Any CPU
		{A52CF52C-8823-16F9-99D5-2B69AEE743B4}.Release|Any CPU.ActiveCfg = Release|Any CPU
		{A52CF52C-8823-16F9-99D5-2B69AEE743B4}.Release|Any CPU.Build.0 = Release|Any CPU
		{973145B1-126B-08F9-0DCA-D6D26B60541A}.Debug|Any CPU.ActiveCfg = Debug|Any CPU
		{973145B1-126B-08F9-0DCA-D6D26B60541A}.Debug|Any CPU.Build.0 = Debug|Any CPU
		{973145B1-126B-08F9-0DCA-D6D26B60541A}.Release|Any CPU.ActiveCfg = Release|Any CPU
		{973145B1-126B-08F9-0DCA-D6D26B60541A}.Release|Any CPU.Build.0 = Release|Any CPU
	EndGlobalSection
	GlobalSection(SolutionProperties) = preSolution
		HideSolutionNode = FALSE
	EndGlobalSection
EndGlobal
